
Microsoft Visual Studio Solution File, Format Version 12.00
# Visual Studio Version 17
VisualStudioVersion = 17.0.32014.148
MinimumVisualStudioVersion = 10.0.40219.1
Project("{FAE04EC0-301F-11D3-BF4B-00C04F79EFBC}") = "Entities", "Entities\Entities.csproj", "{A8F9A831-1451-4BCD-9A6D-B90062992D15}"
EndProject
Project("{FAE04EC0-301F-11D3-BF4B-00C04F79EFBC}") = "DataAccess", "DataAccess\DataAccess.csproj", "{663737B3-3C48-4BC7-83BB-E92DF3643355}"
EndProject
Project("{FAE04EC0-301F-11D3-BF4B-00C04F79EFBC}") = "Business", "Business\Business.csproj", "{94878E40-6652-4636-8FCB-862335ABA26A}"
EndProject
Project("{FAE04EC0-301F-11D3-BF4B-00C04F79EFBC}") = "Core", "Core\Core.csproj", "{61B84A28-2264-4E00-9B5C-381A1B68FBC5}"
EndProject
Project("{FAE04EC0-301F-11D3-BF4B-00C04F79EFBC}") = "Web", "Web\Web.csproj", "{1CE73E20-3B7B-4C74-AFDC-9C394CA19F88}"
EndProject
Global
	GlobalSection(SolutionConfigurationPlatforms) = preSolution
		Debug|Any CPU = Debug|Any CPU
		Release|Any CPU = Release|Any CPU
	EndGlobalSection
	GlobalSection(ProjectConfigurationPlatforms) = postSolution
		{A8F9A831-1451-4BCD-9A6D-B90062992D15}.Debug|Any CPU.ActiveCfg = Debug|Any CPU
		{A8F9A831-1451-4BCD-9A6D-B90062992D15}.Debug|Any CPU.Build.0 = Debug|Any CPU
		{A8F9A831-1451-4BCD-9A6D-B90062992D15}.Release|Any CPU.ActiveCfg = Release|Any CPU
		{A8F9A831-1451-4BCD-9A6D-B90062992D15}.Release|Any CPU.Build.0 = Release|Any CPU
		{663737B3-3C48-4BC7-83BB-E92DF3643355}.Debug|Any CPU.ActiveCfg = Debug|Any CPU
		{663737B3-3C48-4BC7-83BB-E92DF3643355}.Debug|Any CPU.Build.0 = Debug|Any CPU
		{663737B3-3C48-4BC7-83BB-E92DF3643355}.Release|Any CPU.ActiveCfg = Release|Any CPU
		{663737B3-3C48-4BC7-83BB-E92DF3643355}.Release|Any CPU.Build.0 = Release|Any CPU
		{94878E40-6652-4636-8FCB-862335ABA26A}.Debug|Any CPU.ActiveCfg = Debug|Any CPU
		{94878E40-6652-4636-8FCB-862335ABA26A}.Debug|Any CPU.Build.0 = Debug|Any CPU
		{94878E40-6652-4636-8FCB-862335ABA26A}.Release|Any CPU.ActiveCfg = Release|Any CPU
		{94878E40-6652-4636-8FCB-862335ABA26A}.Release|Any CPU.Build.0 = Release|Any CPU
		{61B84A28-2264-4E00-9B5C-381A1B68FBC5}.Debug|Any CPU.ActiveCfg = Debug|Any CPU
		{61B84A28-2264-4E00-9B5C-381A1B68FBC5}.Debug|Any CPU.Build.0 = Debug|Any CPU
		{61B84A28-2264-4E00-9B5C-381A1B68FBC5}.Release|Any CPU.ActiveCfg = Release|Any CPU
		{61B84A28-2264-4E00-9B5C-381A1B68FBC5}.Release|Any CPU.Build.0 = Release|Any CPU
		{1CE73E20-3B7B-4C74-AFDC-9C394CA19F88}.Debug|Any CPU.ActiveCfg = Debug|Any CPU
		{1CE73E20-3B7B-4C74-AFDC-9C394CA19F88}.Debug|Any CPU.Build.0 = Debug|Any CPU
		{1CE73E20-3B7B-4C74-AFDC-9C394CA19F88}.Release|Any CPU.ActiveCfg = Release|Any CPU
		{1CE73E20-3B7B-4C74-AFDC-9C394CA19F88}.Release|Any CPU.Build.0 = Release|Any CPU
	EndGlobalSection
	GlobalSection(SolutionProperties) = preSolution
		HideSolutionNode = FALSE
	EndGlobalSection
	GlobalSection(ExtensibilityGlobals) = postSolution
		SolutionGuid = {E7B3CB55-B2A1-48B2-AA30-9FE813C3A85F}
	EndGlobalSection
EndGlobal
